
Microsoft Visual Studio Solution File, Format Version 12.00
# Visual Studio 15
VisualStudioVersion = 15.0.27703.2000
MinimumVisualStudioVersion = 10.0.40219.1
Project("{8BC9CEB8-8B4A-11D0-8D11-00A0C91BC942}") = "MFCTest", "MFCTest.vcxproj", "{B0972D62-43CF-4090-890F-02AF9D35EA34}"
EndProject
Global
	GlobalSection(SolutionConfigurationPlatforms) = preSolution
		Debug|x64 = Debug|x64
		Debug|x86 = Debug|x86
		Release|x64 = Release|x64
		Release|x86 = Release|x86
	EndGlobalSection
	GlobalSection(ProjectConfigurationPlatforms) = postSolution
		{B0972D62-43CF-4090-890F-02AF9D35EA34}.Debug|x64.ActiveCfg = Debug|x64
		{B0972D62-43CF-4090-890F-02AF9D35EA34}.Debug|x64.Build.0 = Debug|x64
		{B0972D62-43CF-4090-890F-02AF9D35EA34}.Debug|x86.ActiveCfg = Debug|Win32
		{B0972D62-43CF-4090-890F-02AF9D35EA34}.Debug|x86.Build.0 = Debug|Win32
		{B0972D62-43CF-4090-890F-02AF9D35EA34}.Release|x64.ActiveCfg = Release|x64
		{B0972D62-43CF-4090-890F-02AF9D35EA34}.Release|x64.Build.0 = Release|x64
		{B0972D62-43CF-4090-890F-02AF9D35EA34}.Release|x86.ActiveCfg = Release|Win32
		{B0972D62-43CF-4090-890F-02AF9D35EA34}.Release|x86.Build.0 = Release|Win32
	EndGlobalSection
	GlobalSection(SolutionProperties) = preSolution
		HideSolutionNode = FALSE
	EndGlobalSection
	GlobalSection(ExtensibilityGlobals) = postSolution
		SolutionGuid = {F8BFBC32-8D72-42D0-8251-2E1AFA99C46E}
	EndGlobalSection
EndGlobal
