<?xml version="1.0" encoding="utf-8"?>
<Project ToolsVersion="4.0" xmlns="http://schemas.microsoft.com/developer/msbuild/2003">
  <ItemGroup>
    <Filter Include="Source Files">
      <UniqueIdentifier>{4FC737F1-C7A5-4376-A066-2A32D752A2FF}</UniqueIdentifier>
      <Extensions>cpp;c;cc;cxx;def;odl;idl;hpj;bat;asm;asmx</Extensions>
    </Filter>
    <Filter Include="Header Files">
      <UniqueIdentifier>{93995380-89BD-4b04-88EB-625FBE52EBFB}</UniqueIdentifier>
      <Extensions>h;hh;hpp;hxx;hm;inl;inc;ipp;xsd</Extensions>
    </Filter>
    <Filter Include="Resource Files">
      <UniqueIdentifier>{67DA6AB6-F800-4c08-8B7A-83BB121AAD01}</UniqueIdentifier>
      <Extensions>rc;ico;cur;bmp;dlg;rc2;rct;bin;rgs;gif;jpg;jpeg;jpe;resx;tiff;tif;png;wav;mfcribbon-ms</Extensions>
    </Filter>
  </ItemGroup>
  <ItemGroup>
    <ClInclude Include="SelfInterior.h">
      <Filter>Header Files</Filter>
    </ClInclude>
    <ClInclude Include="stdafx.h">
      <Filter>Header Files</Filter>
    </ClInclude>
    <ClInclude Include="targetver.h">
      <Filter>Header Files</Filter>
    </ClInclude>
    <ClInclude Include="MainFrm.h">
      <Filter>Header Files</Filter>
    </ClInclude>
    <ClInclude Include="SelfInteriorDoc.h">
      <Filter>Header Files</Filter>
    </ClInclude>
    <ClInclude Include="SelfInteriorView.h">
      <Filter>Header Files</Filter>
    </ClInclude>
    <ClInclude Include="Resource.h">
      <Filter>Header Files</Filter>
    </ClInclude>
    <ClInclude Include="DShape.h">
      <Filter>Header Files</Filter>
    </ClInclude>
    <ClInclude Include="DSpace.h">
      <Filter>Header Files</Filter>
    </ClInclude>
    <ClInclude Include="DInterior.h">
      <Filter>Header Files</Filter>
    </ClInclude>
    <ClInclude Include="DStructure.h">
      <Filter>Header Files</Filter>
    </ClInclude>
    <ClInclude Include="define.h">
      <Filter>Header Files</Filter>
    </ClInclude>
    <ClInclude Include="CShapeViewCtrl.h">
      <Filter>Header Files</Filter>
    </ClInclude>
    <ClInclude Include="CShapeViewPane.h">
      <Filter>Header Files</Filter>
    </ClInclude>
    <ClInclude Include="CSettingDlg.h">
      <Filter>Header Files</Filter>
    </ClInclude>
  </ItemGroup>
  <ItemGroup>
    <ClCompile Include="SelfInterior.cpp">
      <Filter>Source Files</Filter>
    </ClCompile>
    <ClCompile Include="stdafx.cpp">
      <Filter>Source Files</Filter>
    </ClCompile>
    <ClCompile Include="MainFrm.cpp">
      <Filter>Source Files</Filter>
    </ClCompile>
    <ClCompile Include="SelfInteriorDoc.cpp">
      <Filter>Source Files</Filter>
    </ClCompile>
    <ClCompile Include="SelfInteriorView.cpp">
      <Filter>Source Files</Filter>
    </ClCompile>
    <ClCompile Include="DShape.cpp">
      <Filter>Source Files</Filter>
    </ClCompile>
    <ClCompile Include="DSpace.cpp">
      <Filter>Source Files</Filter>
    </ClCompile>
    <ClCompile Include="DInterior.cpp">
      <Filter>Source Files</Filter>
    </ClCompile>
    <ClCompile Include="DStructure.cpp">
      <Filter>Source Files</Filter>
    </ClCompile>
    <ClCompile Include="CShapeViewCtrl.cpp">
      <Filter>Source Files</Filter>
    </ClCompile>
    <ClCompile Include="CShapeViewPane.cpp">
      <Filter>Source Files</Filter>
    </ClCompile>
    <ClCompile Include="CSettingDlg.cpp">
      <Filter>Source Files</Filter>
    </ClCompile>
  </ItemGroup>
  <ItemGroup>
    <ResourceCompile Include="SelfInterior.rc">
      <Filter>Resource Files</Filter>
    </ResourceCompile>
  </ItemGroup>
  <ItemGroup>
    <Image Include="res\userimages.bmp">
      <Filter>Resource Files</Filter>
    </Image>
    <Image Include="res\SelfInteriorDoc.ico">
      <Filter>Resource Files</Filter>
    </Image>
    <Image Include="res\SelfInterior.ico">
      <Filter>Resource Files</Filter>
    </Image>
    <Image Include="res\Toolbar.bmp">
      <Filter>Resource Files</Filter>
    </Image>
    <Image Include="res\Toolbar256.bmp">
      <Filter>Resource Files</Filter>
    </Image>
    <Image Include="res\icon_door.bmp">
      <Filter>Resource Files</Filter>
    </Image>
    <Image Include="res\icon_refri.bmp">
      <Filter>Resource Files</Filter>
    </Image>
    <Image Include="res\icon_television.bmp">
      <Filter>Resource Files</Filter>
    </Image>
    <Image Include="res\icon_window.bmp">
      <Filter>Resource Files</Filter>
    </Image>
    <Image Include="res\img_door.bmp">
      <Filter>Resource Files</Filter>
    </Image>
    <Image Include="res\img_window.bmp">
      <Filter>Resource Files</Filter>
    </Image>
    <Image Include="res\icon_house.bmp">
      <Filter>Resource Files</Filter>
    </Image>
    <Image Include="res\icon_room.bmp">
      <Filter>Resource Files</Filter>
    </Image>
  </ItemGroup>
  <ItemGroup>
    <None Include="res\SelfInterior.rc2">
      <Filter>Resource Files</Filter>
    </None>
  </ItemGroup>
</Project>